
Microsoft Visual Studio Solution File, Format Version 12.00
# Visual Studio Version 17
VisualStudioVersion = 17.4.33122.133
MinimumVisualStudioVersion = 10.0.40219.1
Project("{9A19103F-16F7-4668-BE54-9A1E7A4F7556}") = "BlazorServerApp", "BlazorServerApp\BlazorServerApp.csproj", "{031CBEF2-2AD3-4D40-A6F6-9540FDA341F7}"
EndProject
Global
	GlobalSection(SolutionConfigurationPlatforms) = preSolution
		Debug|Any CPU = Debug|Any CPU
		Release|Any CPU = Release|Any CPU
	EndGlobalSection
	GlobalSection(ProjectConfigurationPlatforms) = postSolution
		{031CBEF2-2AD3-4D40-A6F6-9540FDA341F7}.Debug|Any CPU.ActiveCfg = Debug|Any CPU
		{031CBEF2-2AD3-4D40-A6F6-9540FDA341F7}.Debug|Any CPU.Build.0 = Debug|Any CPU
		{031CBEF2-2AD3-4D40-A6F6-9540FDA341F7}.Release|Any CPU.ActiveCfg = Release|Any CPU
		{031CBEF2-2AD3-4D40-A6F6-9540FDA341F7}.Release|Any CPU.Build.0 = Release|Any CPU
	EndGlobalSection
	GlobalSection(SolutionProperties) = preSolution
		HideSolutionNode = FALSE
	EndGlobalSection
	GlobalSection(ExtensibilityGlobals) = postSolution
		SolutionGuid = {83EAF146-23A4-4675-887F-400CAFBA3BE9}
	EndGlobalSection
EndGlobal
